PODS:
  - Flutter (1.0.0)
  - hidden_logo (0.2.0):
    - Flutter

DEPENDENCIES:
  - Flutter (from `Flutter`)
  - hidden_logo (from `.symlinks/plugins/hidden_logo/ios`)

EXTERNAL SOURCES:
  Flutter:
    :path: Flutter
  hidden_logo:
    :path: ".symlinks/plugins/hidden_logo/ios"

SPEC CHECKSUMS:
  Flutter: cabc95a1d2626b1b06e7179b784ebcf0c0cde467
  hidden_logo: cc7764d493aff3014d519b62a7e2a317ffe5715c

PODFILE CHECKSUM: 4f1c12611da7338d21589c0b2ecd6bd20b109694

COCOAPODS: 1.16.2
