PODS:
  - device_info_plus (0.0.1):
    - Flutter
  - Flutter (1.0.0)

DEPENDENCIES:
  - device_info_plus (from `.symlinks/plugins/device_info_plus/ios`)
  - Flutter (from `Flutter`)

EXTERNAL SOURCES:
  device_info_plus:
    :path: ".symlinks/plugins/device_info_plus/ios"
  Flutter:
    :path: Flutter

SPEC CHECKSUMS:
  device_info_plus: bf2e3232933866d73fe290f2942f2156cdd10342
  Flutter: e0871f40cf51350855a761d2e70bf5af5b9b5de7

PODFILE CHECKSUM: 819463e6a0290f5a72f145ba7cde16e8b6ef0796

COCOAPODS: 1.15.2
